
Microsoft Visual Studio Solution File, Format Version 12.00
# Visual Studio Version 16
VisualStudioVersion = 16.0.30804.86
MinimumVisualStudioVersion = 10.0.40219.1
Project("{FAE04EC0-301F-11D3-BF4B-00C04F79EFBC}") = "MTGDeckBuilder", "MTGDeckBuilder.csproj", "{D5A5EF3E-8AAB-4898-94DF-32653C920FE7}"
EndProject
Project("{9A19103F-16F7-4668-BE54-9A1E7A4F7556}") = "MtgApiManager.Lib", "..\..\mtg-sdk-dotnet\src\MtgApiManager.Lib\MtgApiManager.Lib.csproj", "{C21625F5-CD82-431D-B9DA-BA51BCCF2840}"
EndProject
Global
	GlobalSection(SolutionConfigurationPlatforms) = preSolution
		Debug|Any CPU = Debug|Any CPU
		Release|Any CPU = Release|Any CPU
	EndGlobalSection
	GlobalSection(ProjectConfigurationPlatforms) = postSolution
		{D5A5EF3E-8AAB-4898-94DF-32653C920FE7}.Debug|Any CPU.ActiveCfg = Debug|Any CPU
		{D5A5EF3E-8AAB-4898-94DF-32653C920FE7}.Debug|Any CPU.Build.0 = Debug|Any CPU
		{D5A5EF3E-8AAB-4898-94DF-32653C920FE7}.Release|Any CPU.ActiveCfg = Release|Any CPU
		{D5A5EF3E-8AAB-4898-94DF-32653C920FE7}.Release|Any CPU.Build.0 = Release|Any CPU
		{C21625F5-CD82-431D-B9DA-BA51BCCF2840}.Debug|Any CPU.ActiveCfg = Debug|Any CPU
		{C21625F5-CD82-431D-B9DA-BA51BCCF2840}.Debug|Any CPU.Build.0 = Debug|Any CPU
		{C21625F5-CD82-431D-B9DA-BA51BCCF2840}.Release|Any CPU.ActiveCfg = Release|Any CPU
		{C21625F5-CD82-431D-B9DA-BA51BCCF2840}.Release|Any CPU.Build.0 = Release|Any CPU
	EndGlobalSection
	GlobalSection(SolutionProperties) = preSolution
		HideSolutionNode = FALSE
	EndGlobalSection
	GlobalSection(ExtensibilityGlobals) = postSolution
		SolutionGuid = {086CC348-03EE-4080-8E90-E6835FCB1C33}
	EndGlobalSection
EndGlobal
